{
  "name": "nudb",
  "version": "1.0.8",
  "lockfileVersion": 3,
  "requires": true,
  "packages": {
    "": {
      "name": "nudb",
      "version": "1.0.8",
      "dependencies": {
        "nudbclient": "^1.0.3"
      }
    },
    "node_modules/isomorphic-ws": {
      "version": "5.0.0",
      "resolved": "https://registry.npmjs.org/isomorphic-ws/-/isomorphic-ws-5.0.0.tgz",
      "integrity": "sha512-muId7Zzn9ywDsyXgTIafTry2sV3nySZeUDe6YedVd1Hvuuep5AsIlqK+XefWpYTyJG5e503F2xIuT2lcU6rCSw==",
      "license": "MIT",
      "peerDependencies": {
        "ws": "*"
      }
    },
    "node_modules/nudbclient": {
      "version": "1.0.3",
      "resolved": "https://registry.npmjs.org/nudbclient/-/nudbclient-1.0.3.tgz",
      "integrity": "sha512-w4feJPpBf7X6x2AlG8aASjTlIVjzUYgi0fi1PRSNJIX0jG3tQFEpplBKf4c7eB+RLj/f61gr83J6Cc5C2RLRUA==",
      "license": "MIT",
      "dependencies": {
        "isomorphic-ws": "^5.0.0",
        "ws": "^8.13.0"
      }
    },
    "node_modules/ws": {
      "version": "8.18.2",
      "resolved": "https://registry.npmjs.org/ws/-/ws-8.18.2.tgz",
      "integrity": "sha512-DMricUmwGZUVr++AEAe2uiVM7UoO9MAVZMDu05UQOaUII0lp+zOzLLU4Xqh/JvTqklB1T4uELaaPBKyjE1r4fQ==",
      "license": "MIT",
      "engines": {
        "node": ">=10.0.0"
      },
      "peerDependencies": {
        "bufferutil": "^4.0.1",
        "utf-8-validate": ">=5.0.2"
      },
      "peerDependenciesMeta": {
        "bufferutil": {
          "optional": true
        },
        "utf-8-validate": {
          "optional": true
        }
      }
    }
  }
}
